
Microsoft Visual Studio Solution File, Format Version 12.00
# Visual Studio Version 16
VisualStudioVersion = 16.0.30907.101
MinimumVisualStudioVersion = 10.0.40219.1
Project("{FAE04EC0-301F-11D3-BF4B-00C04F79EFBC}") = "china_ip_list", "china_ip_list.csproj", "{C9522FEC-7768-4B53-B22F-E389BFEB8338}"
EndProject
Global
	GlobalSection(SolutionConfigurationPlatforms) = preSolution
		Debug|Any CPU = Debug|Any CPU
		Release|Any CPU = Release|Any CPU
	EndGlobalSection
	GlobalSection(ProjectConfigurationPlatforms) = postSolution
		{C9522FEC-7768-4B53-B22F-E389BFEB8338}.Debug|Any CPU.ActiveCfg = Debug|Any CPU
		{C9522FEC-7768-4B53-B22F-E389BFEB8338}.Debug|Any CPU.Build.0 = Debug|Any CPU
		{C9522FEC-7768-4B53-B22F-E389BFEB8338}.Release|Any CPU.ActiveCfg = Release|Any CPU
		{C9522FEC-7768-4B53-B22F-E389BFEB8338}.Release|Any CPU.Build.0 = Release|Any CPU
	EndGlobalSection
	GlobalSection(SolutionProperties) = preSolution
		HideSolutionNode = FALSE
	EndGlobalSection
	GlobalSection(ExtensibilityGlobals) = postSolution
		SolutionGuid = {A57DAF6D-2DE1-44AD-B394-1D13B7D46A08}
	EndGlobalSection
EndGlobal
